Microsoft Visual Studio Solution File, Format Version 12.00
# Visual Studio Version 17
VisualStudioVersion = 17.5.2.0
MinimumVisualStudioVersion = 10.0.40219.1
Project("{2150E333-8FDC-42A3-9474-1A3956D46DE8}") = "cs", "cs", "{043C5643-8786-2C14-4347-0E27D1FB2DA7}"
EndProject
Project("{2150E333-8FDC-42A3-9474-1A3956D46DE8}") = "Unit-1", "Unit-1", "{1FC56B07-87FF-2F87-C2C0-56458F9FD5EE}"
EndProject
Project("{2150E333-8FDC-42A3-9474-1A3956D46DE8}") = "1.0-First-Program", "1.0-First-Program", "{CF359607-114F-C01A-79D9-853C80562CCC}"
EndProject
Project("{FAE04EC0-301F-11D3-BF4B-00C04F79EFBC}") = "assignment10", "cs\Unit-1\1.0-First-Program\assignment10\assignment10.csproj", "{A4D4F617-AEF1-CB97-33DF-5188E25B0FE7}"
EndProject
Project("{2150E333-8FDC-42A3-9474-1A3956D46DE8}") = "1.1-Output", "1.1-Output", "{3D97F664-6948-398B-F34C-CA5BD2B80E61}"
EndProject
Project("{FAE04EC0-301F-11D3-BF4B-00C04F79EFBC}") = "assignment11", "cs\Unit-1\1.1-Output\assignment11\assignment11.csproj", "{106C5896-EC49-4382-B2E3-FEEA1D9423E3}"
EndProject
Project("{2150E333-8FDC-42A3-9474-1A3956D46DE8}") = "1.2-Input-&-Variables", "1.2-Input-&-Variables", "{AFAC7EB6-060C-47ED-9206-734D6069CF3C}"
EndProject
Project("{FAE04EC0-301F-11D3-BF4B-00C04F79EFBC}") = "assignment12", "cs\Unit-1\1.2-Input-&-Variables\assignment12\assignment12.csproj", "{2B4DF3EE-4A0B-A30F-90C7-290F276271E1}"
EndProject
Project("{2150E333-8FDC-42A3-9474-1A3956D46DE8}") = "assignment10 (1)", "assignment10 (1)", "{535E0486-0F35-AED9-BF3E-F094EAF8B3FB}"
EndProject
Project("{FAE04EC0-301F-11D3-BF4B-00C04F79EFBC}") = "tests", "cs\Unit-1\1.0-First-Program\assignment10\tests\tests.csproj", "{5B8C2F26-E70E-DB35-E741-524DF35458A2}"
EndProject
Project("{2150E333-8FDC-42A3-9474-1A3956D46DE8}") = "assignment11 (1)", "assignment11 (1)", "{7D8B2D81-5BB9-06F3-A2A6-754F5F5A6A5B}"
EndProject
Project("{FAE04EC0-301F-11D3-BF4B-00C04F79EFBC}") = "tests", "cs\Unit-1\1.1-Output\assignment11\tests\tests.csproj", "{AAF40E89-7D20-2624-2901-5D40F9F71933}"
EndProject
Project("{2150E333-8FDC-42A3-9474-1A3956D46DE8}") = "assignment12 (1)", "assignment12 (1)", "{475C2583-D41E-C1A8-2A6A-4EE188022160}"
EndProject
Project("{FAE04EC0-301F-11D3-BF4B-00C04F79EFBC}") = "tests", "cs\Unit-1\1.2-Input-&-Variables\assignment12\tests\tests.csproj", "{EDDAF5F8-497E-3ED1-4F10-B70ABE4794B5}"
EndProject
Global
	GlobalSection(SolutionConfigurationPlatforms) = preSolution
		Debug|Any CPU = Debug|Any CPU
		Release|Any CPU = Release|Any CPU
	EndGlobalSection
	GlobalSection(ProjectConfigurationPlatforms) = postSolution
		{A4D4F617-AEF1-CB97-33DF-5188E25B0FE7}.Debug|Any CPU.ActiveCfg = Debug|Any CPU
		{A4D4F617-AEF1-CB97-33DF-5188E25B0FE7}.Debug|Any CPU.Build.0 = Debug|Any CPU
		{A4D4F617-AEF1-CB97-33DF-5188E25B0FE7}.Release|Any CPU.ActiveCfg = Release|Any CPU
		{A4D4F617-AEF1-CB97-33DF-5188E25B0FE7}.Release|Any CPU.Build.0 = Release|Any CPU
		{106C5896-EC49-4382-B2E3-FEEA1D9423E3}.Debug|Any CPU.ActiveCfg = Debug|Any CPU
		{106C5896-EC49-4382-B2E3-FEEA1D9423E3}.Debug|Any CPU.Build.0 = Debug|Any CPU
		{106C5896-EC49-4382-B2E3-FEEA1D9423E3}.Release|Any CPU.ActiveCfg = Release|Any CPU
		{106C5896-EC49-4382-B2E3-FEEA1D9423E3}.Release|Any CPU.Build.0 = Release|Any CPU
		{2B4DF3EE-4A0B-A30F-90C7-290F276271E1}.Debug|Any CPU.ActiveCfg = Debug|Any CPU
		{2B4DF3EE-4A0B-A30F-90C7-290F276271E1}.Debug|Any CPU.Build.0 = Debug|Any CPU
		{2B4DF3EE-4A0B-A30F-90C7-290F276271E1}.Release|Any CPU.ActiveCfg = Release|Any CPU
		{2B4DF3EE-4A0B-A30F-90C7-290F276271E1}.Release|Any CPU.Build.0 = Release|Any CPU
		{5B8C2F26-E70E-DB35-E741-524DF35458A2}.Debug|Any CPU.ActiveCfg = Debug|Any CPU
		{5B8C2F26-E70E-DB35-E741-524DF35458A2}.Debug|Any CPU.Build.0 = Debug|Any CPU
		{5B8C2F26-E70E-DB35-E741-524DF35458A2}.Release|Any CPU.ActiveCfg = Release|Any CPU
		{5B8C2F26-E70E-DB35-E741-524DF35458A2}.Release|Any CPU.Build.0 = Release|Any CPU
		{AAF40E89-7D20-2624-2901-5D40F9F71933}.Debug|Any CPU.ActiveCfg = Debug|Any CPU
		{AAF40E89-7D20-2624-2901-5D40F9F71933}.Debug|Any CPU.Build.0 = Debug|Any CPU
		{AAF40E89-7D20-2624-2901-5D40F9F71933}.Release|Any CPU.ActiveCfg = Release|Any CPU
		{AAF40E89-7D20-2624-2901-5D40F9F71933}.Release|Any CPU.Build.0 = Release|Any CPU
		{EDDAF5F8-497E-3ED1-4F10-B70ABE4794B5}.Debug|Any CPU.ActiveCfg = Debug|Any CPU
		{EDDAF5F8-497E-3ED1-4F10-B70ABE4794B5}.Debug|Any CPU.Build.0 = Debug|Any CPU
		{EDDAF5F8-497E-3ED1-4F10-B70ABE4794B5}.Release|Any CPU.ActiveCfg = Release|Any CPU
		{EDDAF5F8-497E-3ED1-4F10-B70ABE4794B5}.Release|Any CPU.Build.0 = Release|Any CPU
	EndGlobalSection
	GlobalSection(SolutionProperties) = preSolution
		HideSolutionNode = FALSE
	EndGlobalSection
	GlobalSection(NestedProjects) = preSolution
		{1FC56B07-87FF-2F87-C2C0-56458F9FD5EE} = {043C5643-8786-2C14-4347-0E27D1FB2DA7}
		{CF359607-114F-C01A-79D9-853C80562CCC} = {1FC56B07-87FF-2F87-C2C0-56458F9FD5EE}
		{A4D4F617-AEF1-CB97-33DF-5188E25B0FE7} = {CF359607-114F-C01A-79D9-853C80562CCC}
		{3D97F664-6948-398B-F34C-CA5BD2B80E61} = {1FC56B07-87FF-2F87-C2C0-56458F9FD5EE}
		{106C5896-EC49-4382-B2E3-FEEA1D9423E3} = {3D97F664-6948-398B-F34C-CA5BD2B80E61}
		{AFAC7EB6-060C-47ED-9206-734D6069CF3C} = {1FC56B07-87FF-2F87-C2C0-56458F9FD5EE}
		{2B4DF3EE-4A0B-A30F-90C7-290F276271E1} = {AFAC7EB6-060C-47ED-9206-734D6069CF3C}
		{535E0486-0F35-AED9-BF3E-F094EAF8B3FB} = {CF359607-114F-C01A-79D9-853C80562CCC}
		{5B8C2F26-E70E-DB35-E741-524DF35458A2} = {535E0486-0F35-AED9-BF3E-F094EAF8B3FB}
		{7D8B2D81-5BB9-06F3-A2A6-754F5F5A6A5B} = {3D97F664-6948-398B-F34C-CA5BD2B80E61}
		{AAF40E89-7D20-2624-2901-5D40F9F71933} = {7D8B2D81-5BB9-06F3-A2A6-754F5F5A6A5B}
		{475C2583-D41E-C1A8-2A6A-4EE188022160} = {AFAC7EB6-060C-47ED-9206-734D6069CF3C}
		{EDDAF5F8-497E-3ED1-4F10-B70ABE4794B5} = {475C2583-D41E-C1A8-2A6A-4EE188022160}
	EndGlobalSection
	GlobalSection(ExtensibilityGlobals) = postSolution
		SolutionGuid = {C343C8A0-265C-4539-90C6-AC6C754D8671}
	EndGlobalSection
EndGlobal
